// !$*UTF8*$!
{
	archiveVersion = 1;
	classes = {
	};
	objectVersion = 50;
	objects = {

/* Begin PBXBuildFile section */
		736B2C3B266AD9FC006BC8FA /* PlaygroundMobileApp.swift in Sources */ = {isa = PBXBuildFile; fileRef = 736B2C3A266AD9FC006BC8FA /* PlaygroundMobileApp.swift */; };
		736B2C3D266AD9FC006BC8FA /* ThingsView.swift in Sources */ = {isa = PBXBuildFile; fileRef = 736B2C3C266AD9FC006BC8FA /* ThingsView.swift */; };
		736B2C3F266AD9FE006BC8FA /* Assets.xcassets in Resources */ = {isa = PBXBuildFile; fileRef = 736B2C3E266AD9FE006BC8FA /* Assets.xcassets */; };
		736B2C42266AD9FE006BC8FA /* Preview Assets.xcassets in Resources */ = {isa = PBXBuildFile; fileRef = 736B2C41266AD9FE006BC8FA /* Preview Assets.xcassets */; };
		736B2C62266AE08C006BC8FA /* APIHelper.swift in Sources */ = {isa = PBXBuildFile; fileRef = 736B2C52266AE08C006BC8FA /* APIHelper.swift */; };
		736B2C63266AE08C006BC8FA /* URLSessionImplementations.swift in Sources */ = {isa = PBXBuildFile; fileRef = 736B2C53266AE08C006BC8FA /* URLSessionImplementations.swift */; };
		736B2C64266AE08C006BC8FA /* ThingAPI.swift in Sources */ = {isa = PBXBuildFile; fileRef = 736B2C55266AE08C006BC8FA /* ThingAPI.swift */; };
		736B2C65266AE08C006BC8FA /* CodableHelper.swift in Sources */ = {isa = PBXBuildFile; fileRef = 736B2C56266AE08C006BC8FA /* CodableHelper.swift */; };
		736B2C66266AE08C006BC8FA /* APIs.swift in Sources */ = {isa = PBXBuildFile; fileRef = 736B2C57266AE08C006BC8FA /* APIs.swift */; };
		736B2C67266AE08C006BC8FA /* OpenISO8601DateFormatter.swift in Sources */ = {isa = PBXBuildFile; fileRef = 736B2C58266AE08C006BC8FA /* OpenISO8601DateFormatter.swift */; };
		736B2C68266AE08C006BC8FA /* Thing.swift in Sources */ = {isa = PBXBuildFile; fileRef = 736B2C5A266AE08C006BC8FA /* Thing.swift */; };
		736B2C69266AE08C006BC8FA /* ModelError.swift in Sources */ = {isa = PBXBuildFile; fileRef = 736B2C5B266AE08C006BC8FA /* ModelError.swift */; };
		736B2C6A266AE08C006BC8FA /* Extensions.swift in Sources */ = {isa = PBXBuildFile; fileRef = 736B2C5C266AE08C006BC8FA /* Extensions.swift */; };
		736B2C6B266AE08C006BC8FA /* JSONDataEncoding.swift in Sources */ = {isa = PBXBuildFile; fileRef = 736B2C5D266AE08C006BC8FA /* JSONDataEncoding.swift */; };
		736B2C6C266AE08C006BC8FA /* JSONEncodingHelper.swift in Sources */ = {isa = PBXBuildFile; fileRef = 736B2C5E266AE08C006BC8FA /* JSONEncodingHelper.swift */; };
		736B2C6D266AE08C006BC8FA /* Models.swift in Sources */ = {isa = PBXBuildFile; fileRef = 736B2C5F266AE08C006BC8FA /* Models.swift */; };
		736B2C6E266AE08C006BC8FA /* SynchronizedDictionary.swift in Sources */ = {isa = PBXBuildFile; fileRef = 736B2C60266AE08C006BC8FA /* SynchronizedDictionary.swift */; };
		736B2C6F266AE08C006BC8FA /* Configuration.swift in Sources */ = {isa = PBXBuildFile; fileRef = 736B2C61266AE08C006BC8FA /* Configuration.swift */; };
/* End PBXBuildFile section */

/* Begin PBXFileReference section */
		736B2C37266AD9FC006BC8FA /* PlaygroundMobile.app */ = {isa = PBXFileReference; explicitFileType = wrapper.application; includeInIndex = 0; path = PlaygroundMobile.app; sourceTree = BUILT_PRODUCTS_DIR; };
		736B2C3A266AD9FC006BC8FA /* PlaygroundMobileApp.swift */ = {isa = PBXFileReference; lastKnownFileType = sourcecode.swift; path = PlaygroundMobileApp.swift; sourceTree = "<group>"; };
		736B2C3C266AD9FC006BC8FA /* ThingsView.swift */ = {isa = PBXFileReference; lastKnownFileType = sourcecode.swift; path = ThingsView.swift; sourceTree = "<group>"; };
		736B2C3E266AD9FE006BC8FA /* Assets.xcassets */ = {isa = PBXFileReference; lastKnownFileType = folder.assetcatalog; path = Assets.xcassets; sourceTree = "<group>"; };
		736B2C41266AD9FE006BC8FA /* Preview Assets.xcassets */ = {isa = PBXFileReference; lastKnownFileType = folder.assetcatalog; path = "Preview Assets.xcassets"; sourceTree = "<group>"; };
		736B2C43266AD9FE006BC8FA /* Info.plist */ = {isa = PBXFileReference; lastKnownFileType = text.plist.xml; path = Info.plist; sourceTree = "<group>"; };
		736B2C52266AE08C006BC8FA /* APIHelper.swift */ = {isa = PBXFileReference; fileEncoding = 4; lastKnownFileType = sourcecode.swift; path = APIHelper.swift; sourceTree = "<group>"; };
		736B2C53266AE08C006BC8FA /* URLSessionImplementations.swift */ = {isa = PBXFileReference; fileEncoding = 4; lastKnownFileType = sourcecode.swift; path = URLSessionImplementations.swift; sourceTree = "<group>"; };
		736B2C55266AE08C006BC8FA /* ThingAPI.swift */ = {isa = PBXFileReference; fileEncoding = 4; lastKnownFileType = sourcecode.swift; path = ThingAPI.swift; sourceTree = "<group>"; };
		736B2C56266AE08C006BC8FA /* CodableHelper.swift */ = {isa = PBXFileReference; fileEncoding = 4; lastKnownFileType = sourcecode.swift; path = CodableHelper.swift; sourceTree = "<group>"; };
		736B2C57266AE08C006BC8FA /* APIs.swift */ = {isa = PBXFileReference; fileEncoding = 4; lastKnownFileType = sourcecode.swift; path = APIs.swift; sourceTree = "<group>"; };
		736B2C58266AE08C006BC8FA /* OpenISO8601DateFormatter.swift */ = {isa = PBXFileReference; fileEncoding = 4; lastKnownFileType = sourcecode.swift; path = OpenISO8601DateFormatter.swift; sourceTree = "<group>"; };
		736B2C5A266AE08C006BC8FA /* Thing.swift */ = {isa = PBXFileReference; fileEncoding = 4; lastKnownFileType = sourcecode.swift; path = Thing.swift; sourceTree = "<group>"; };
		736B2C5B266AE08C006BC8FA /* ModelError.swift */ = {isa = PBXFileReference; fileEncoding = 4; lastKnownFileType = sourcecode.swift; path = ModelError.swift; sourceTree = "<group>"; };
		736B2C5C266AE08C006BC8FA /* Extensions.swift */ = {isa = PBXFileReference; fileEncoding = 4; lastKnownFileType = sourcecode.swift; path = Extensions.swift; sourceTree = "<group>"; };
		736B2C5D266AE08C006BC8FA /* JSONDataEncoding.swift */ = {isa = PBXFileReference; fileEncoding = 4; lastKnownFileType = sourcecode.swift; path = JSONDataEncoding.swift; sourceTree = "<group>"; };
		736B2C5E266AE08C006BC8FA /* JSONEncodingHelper.swift */ = {isa = PBXFileReference; fileEncoding = 4; lastKnownFileType = sourcecode.swift; path = JSONEncodingHelper.swift; sourceTree = "<group>"; };
		736B2C5F266AE08C006BC8FA /* Models.swift */ = {isa = PBXFileReference; fileEncoding = 4; lastKnownFileType = sourcecode.swift; path = Models.swift; sourceTree = "<group>"; };
		736B2C60266AE08C006BC8FA /* SynchronizedDictionary.swift */ = {isa = PBXFileReference; fileEncoding = 4; lastKnownFileType = sourcecode.swift; path = SynchronizedDictionary.swift; sourceTree = "<group>"; };
		736B2C61266AE08C006BC8FA /* Configuration.swift */ = {isa = PBXFileReference; fileEncoding = 4; lastKnownFileType = sourcecode.swift; path = Configuration.swift; sourceTree = "<group>"; };
/* End PBXFileReference section */

/* Begin PBXFrameworksBuildPhase section */
		736B2C34266AD9FC006BC8FA /* Frameworks */ = {
			isa = PBXFrameworksBuildPhase;
			buildActionMask = 2147483647;
			files = (
			);
			runOnlyForDeploymentPostprocessing = 0;
		};
/* End PBXFrameworksBuildPhase section */

/* Begin PBXGroup section */
		736B2C2E266AD9FC006BC8FA = {
			isa = PBXGroup;
			children = (
				736B2C39266AD9FC006BC8FA /* PlaygroundMobile */,
				736B2C38266AD9FC006BC8FA /* Products */,
			);
			sourceTree = "<group>";
		};
		736B2C38266AD9FC006BC8FA /* Products */ = {
			isa = PBXGroup;
			children = (
				736B2C37266AD9FC006BC8FA /* PlaygroundMobile.app */,
			);
			name = Products;
			sourceTree = "<group>";
		};
		736B2C39266AD9FC006BC8FA /* PlaygroundMobile */ = {
			isa = PBXGroup;
			children = (
				736B2C51266AE08C006BC8FA /* OpenAPIs */,
				736B2C3A266AD9FC006BC8FA /* PlaygroundMobileApp.swift */,
				736B2C3C266AD9FC006BC8FA /* ThingsView.swift */,
				736B2C3E266AD9FE006BC8FA /* Assets.xcassets */,
				736B2C43266AD9FE006BC8FA /* Info.plist */,
				736B2C40266AD9FE006BC8FA /* Preview Content */,
			);
			path = PlaygroundMobile;
			sourceTree = "<group>";
		};
		736B2C40266AD9FE006BC8FA /* Preview Content */ = {
			isa = PBXGroup;
			children = (
				736B2C41266AD9FE006BC8FA /* Preview Assets.xcassets */,
			);
			path = "Preview Content";
			sourceTree = "<group>";
		};
		736B2C51266AE08C006BC8FA /* OpenAPIs */ = {
			isa = PBXGroup;
			children = (
				736B2C52266AE08C006BC8FA /* APIHelper.swift */,
				736B2C53266AE08C006BC8FA /* URLSessionImplementations.swift */,
				736B2C54266AE08C006BC8FA /* APIs */,
				736B2C56266AE08C006BC8FA /* CodableHelper.swift */,
				736B2C57266AE08C006BC8FA /* APIs.swift */,
				736B2C58266AE08C006BC8FA /* OpenISO8601DateFormatter.swift */,
				736B2C59266AE08C006BC8FA /* Models */,
				736B2C5C266AE08C006BC8FA /* Extensions.swift */,
				736B2C5D266AE08C006BC8FA /* JSONDataEncoding.swift */,
				736B2C5E266AE08C006BC8FA /* JSONEncodingHelper.swift */,
				736B2C5F266AE08C006BC8FA /* Models.swift */,
				736B2C60266AE08C006BC8FA /* SynchronizedDictionary.swift */,
				736B2C61266AE08C006BC8FA /* Configuration.swift */,
			);
			name = OpenAPIs;
			path = "../../../../../target/generated-sources/openapi/PlaygroundMobile/Classes/OpenAPIs";
			sourceTree = "<group>";
		};
		736B2C54266AE08C006BC8FA /* APIs */ = {
			isa = PBXGroup;
			children = (
				736B2C55266AE08C006BC8FA /* ThingAPI.swift */,
			);
			path = APIs;
			sourceTree = "<group>";
		};
		736B2C59266AE08C006BC8FA /* Models */ = {
			isa = PBXGroup;
			children = (
				736B2C5A266AE08C006BC8FA /* Thing.swift */,
				736B2C5B266AE08C006BC8FA /* ModelError.swift */,
			);
			path = Models;
			sourceTree = "<group>";
		};
/* End PBXGroup section */

/* Begin PBXNativeTarget section */
		736B2C36266AD9FC006BC8FA /* PlaygroundMobile */ = {
			isa = PBXNativeTarget;
			buildConfigurationList = 736B2C46266AD9FE006BC8FA /* Build configuration list for PBXNativeTarget "PlaygroundMobile" */;
			buildPhases = (
				736B2C33266AD9FC006BC8FA /* Sources */,
				736B2C34266AD9FC006BC8FA /* Frameworks */,
				736B2C35266AD9FC006BC8FA /* Resources */,
			);
			buildRules = (
			);
			dependencies = (
			);
			name = PlaygroundMobile;
			productName = PlaygroundMobile;
			productReference = 736B2C37266AD9FC006BC8FA /* PlaygroundMobile.app */;
			productType = "com.apple.product-type.application";
		};
/* End PBXNativeTarget section */

/* Begin PBXProject section */
		736B2C2F266AD9FC006BC8FA /* Project object */ = {
			isa = PBXProject;
			attributes = {
				LastSwiftUpdateCheck = 1250;
				LastUpgradeCheck = 1250;
				TargetAttributes = {
					736B2C36266AD9FC006BC8FA = {
						CreatedOnToolsVersion = 12.5;
					};
				};
			};
			buildConfigurationList = 736B2C32266AD9FC006BC8FA /* Build configuration list for PBXProject "PlaygroundMobile" */;
			compatibilityVersion = "Xcode 9.3";
			developmentRegion = en;
			hasScannedForEncodings = 0;
			knownRegions = (
				en,
				Base,
			);
			mainGroup = 736B2C2E266AD9FC006BC8FA;
			productRefGroup = 736B2C38266AD9FC006BC8FA /* Products */;
			projectDirPath = "";
			projectRoot = "";
			targets = (
				736B2C36266AD9FC006BC8FA /* PlaygroundMobile */,
			);
		};
/* End PBXProject section */

/* Begin PBXResourcesBuildPhase section */
		736B2C35266AD9FC006BC8FA /* Resources */ = {
			isa = PBXResourcesBuildPhase;
			buildActionMask = 2147483647;
			files = (
				736B2C42266AD9FE006BC8FA /* Preview Assets.xcassets in Resources */,
				736B2C3F266AD9FE006BC8FA /* Assets.xcassets in Resources */,
			);
			runOnlyForDeploymentPostprocessing = 0;
		};
/* End PBXResourcesBuildPhase section */

/* Begin PBXSourcesBuildPhase section */
		736B2C33266AD9FC006BC8FA /* Sources */ = {
			isa = PBXSourcesBuildPhase;
			buildActionMask = 2147483647;
			files = (
				736B2C62266AE08C006BC8FA /* APIHelper.swift in Sources */,
				736B2C65266AE08C006BC8FA /* CodableHelper.swift in Sources */,
				736B2C66266AE08C006BC8FA /* APIs.swift in Sources */,
				736B2C3D266AD9FC006BC8FA /* ThingsView.swift in Sources */,
				736B2C69266AE08C006BC8FA /* ModelError.swift in Sources */,
				736B2C67266AE08C006BC8FA /* OpenISO8601DateFormatter.swift in Sources */,
				736B2C6A266AE08C006BC8FA /* Extensions.swift in Sources */,
				736B2C6C266AE08C006BC8FA /* JSONEncodingHelper.swift in Sources */,
				736B2C6D266AE08C006BC8FA /* Models.swift in Sources */,
				736B2C6F266AE08C006BC8FA /* Configuration.swift in Sources */,
				736B2C64266AE08C006BC8FA /* ThingAPI.swift in Sources */,
				736B2C6B266AE08C006BC8FA /* JSONDataEncoding.swift in Sources */,
				736B2C3B266AD9FC006BC8FA /* PlaygroundMobileApp.swift in Sources */,
				736B2C6E266AE08C006BC8FA /* SynchronizedDictionary.swift in Sources */,
				736B2C68266AE08C006BC8FA /* Thing.swift in Sources */,
				736B2C63266AE08C006BC8FA /* URLSessionImplementations.swift in Sources */,
			);
			runOnlyForDeploymentPostprocessing = 0;
		};
/* End PBXSourcesBuildPhase section */

/* Begin XCBuildConfiguration section */
		736B2C44266AD9FE006BC8FA /* Debug */ = {
			isa = XCBuildConfiguration;
			buildSettings = {
				ALWAYS_SEARCH_USER_PATHS = NO;
				CLANG_ANALYZER_NONNULL = YES;
				CLANG_ANALYZER_NUMBER_OBJECT_CONVERSION = YES_AGGRESSIVE;
				CLANG_CXX_LANGUAGE_STANDARD = "gnu++14";
				CLANG_CXX_LIBRARY = "libc++";
				CLANG_ENABLE_MODULES = YES;
				CLANG_ENABLE_OBJC_ARC = YES;
				CLANG_ENABLE_OBJC_WEAK = YES;
				CLANG_WARN_BLOCK_CAPTURE_AUTORELEASING = YES;
				CLANG_WARN_BOOL_CONVERSION = YES;
				CLANG_WARN_COMMA = YES;
				CLANG_WARN_CONSTANT_CONVERSION = YES;
				CLANG_WARN_DEPRECATED_OBJC_IMPLEMENTATIONS = YES;
				CLANG_WARN_DIRECT_OBJC_ISA_USAGE = YES_ERROR;
				CLANG_WARN_DOCUMENTATION_COMMENTS = YES;
				CLANG_WARN_EMPTY_BODY = YES;
				CLANG_WARN_ENUM_CONVERSION = YES;
				CLANG_WARN_INFINITE_RECURSION = YES;
				CLANG_WARN_INT_CONVERSION = YES;
				CLANG_WARN_NON_LITERAL_NULL_CONVERSION = YES;
				CLANG_WARN_OBJC_IMPLICIT_RETAIN_SELF = YES;
				CLANG_WARN_OBJC_LITERAL_CONVERSION = YES;
				CLANG_WARN_OBJC_ROOT_CLASS = YES_ERROR;
				CLANG_WARN_QUOTED_INCLUDE_IN_FRAMEWORK_HEADER = YES;
				CLANG_WARN_RANGE_LOOP_ANALYSIS = YES;
				CLANG_WARN_STRICT_PROTOTYPES = YES;
				CLANG_WARN_SUSPICIOUS_MOVE = YES;
				CLANG_WARN_UNGUARDED_AVAILABILITY = YES_AGGRESSIVE;
				CLANG_WARN_UNREACHABLE_CODE = YES;
				CLANG_WARN__DUPLICATE_METHOD_MATCH = YES;
				COPY_PHASE_STRIP = NO;
				DEBUG_INFORMATION_FORMAT = dwarf;
				ENABLE_STRICT_OBJC_MSGSEND = YES;
				ENABLE_TESTABILITY = YES;
				GCC_C_LANGUAGE_STANDARD = gnu11;
				GCC_DYNAMIC_NO_PIC = NO;
				GCC_NO_COMMON_BLOCKS = YES;
				GCC_OPTIMIZATION_LEVEL = 0;
				GCC_PREPROCESSOR_DEFINITIONS = (
					"DEBUG=1",
					"$(inherited)",
				);
				GCC_WARN_64_TO_32_BIT_CONVERSION = YES;
				GCC_WARN_ABOUT_RETURN_TYPE = YES_ERROR;
				GCC_WARN_UNDECLARED_SELECTOR = YES;
				GCC_WARN_UNINITIALIZED_AUTOS = YES_AGGRESSIVE;
				GCC_WARN_UNUSED_FUNCTION = YES;
				GCC_WARN_UNUSED_VARIABLE = YES;
				IPHONEOS_DEPLOYMENT_TARGET = 14.5;
				MTL_ENABLE_DEBUG_INFO = INCLUDE_SOURCE;
				MTL_FAST_MATH = YES;
				ONLY_ACTIVE_ARCH = YES;
				SDKROOT = iphoneos;
				SWIFT_ACTIVE_COMPILATION_CONDITIONS = DEBUG;
				SWIFT_OPTIMIZATION_LEVEL = "-Onone";
			};
			name = Debug;
		};
		736B2C45266AD9FE006BC8FA /* Release */ = {
			isa = XCBuildConfiguration;
			buildSettings = {
				ALWAYS_SEARCH_USER_PATHS = NO;
				CLANG_ANALYZER_NONNULL = YES;
				CLANG_ANALYZER_NUMBER_OBJECT_CONVERSION = YES_AGGRESSIVE;
				CLANG_CXX_LANGUAGE_STANDARD = "gnu++14";
				CLANG_CXX_LIBRARY = "libc++";
				CLANG_ENABLE_MODULES = YES;
				CLANG_ENABLE_OBJC_ARC = YES;
				CLANG_ENABLE_OBJC_WEAK = YES;
				CLANG_WARN_BLOCK_CAPTURE_AUTORELEASING = YES;
				CLANG_WARN_BOOL_CONVERSION = YES;
				CLANG_WARN_COMMA = YES;
				CLANG_WARN_CONSTANT_CONVERSION = YES;
				CLANG_WARN_DEPRECATED_OBJC_IMPLEMENTATIONS = YES;
				CLANG_WARN_DIRECT_OBJC_ISA_USAGE = YES_ERROR;
				CLANG_WARN_DOCUMENTATION_COMMENTS = YES;
				CLANG_WARN_EMPTY_BODY = YES;
				CLANG_WARN_ENUM_CONVERSION = YES;
				CLANG_WARN_INFINITE_RECURSION = YES;
				CLANG_WARN_INT_CONVERSION = YES;
				CLANG_WARN_NON_LITERAL_NULL_CONVERSION = YES;
				CLANG_WARN_OBJC_IMPLICIT_RETAIN_SELF = YES;
				CLANG_WARN_OBJC_LITERAL_CONVERSION = YES;
				CLANG_WARN_OBJC_ROOT_CLASS = YES_ERROR;
				CLANG_WARN_QUOTED_INCLUDE_IN_FRAMEWORK_HEADER = YES;
				CLANG_WARN_RANGE_LOOP_ANALYSIS = YES;
				CLANG_WARN_STRICT_PROTOTYPES = YES;
				CLANG_WARN_SUSPICIOUS_MOVE = YES;
				CLANG_WARN_UNGUARDED_AVAILABILITY = YES_AGGRESSIVE;
				CLANG_WARN_UNREACHABLE_CODE = YES;
				CLANG_WARN__DUPLICATE_METHOD_MATCH = YES;
				COPY_PHASE_STRIP = NO;
				DEBUG_INFORMATION_FORMAT = "dwarf-with-dsym";
				ENABLE_NS_ASSERTIONS = NO;
				ENABLE_STRICT_OBJC_MSGSEND = YES;
				GCC_C_LANGUAGE_STANDARD = gnu11;
				GCC_NO_COMMON_BLOCKS = YES;
				GCC_WARN_64_TO_32_BIT_CONVERSION = YES;
				GCC_WARN_ABOUT_RETURN_TYPE = YES_ERROR;
				GCC_WARN_UNDECLARED_SELECTOR = YES;
				GCC_WARN_UNINITIALIZED_AUTOS = YES_AGGRESSIVE;
				GCC_WARN_UNUSED_FUNCTION = YES;
				GCC_WARN_UNUSED_VARIABLE = YES;
				IPHONEOS_DEPLOYMENT_TARGET = 14.5;
				MTL_ENABLE_DEBUG_INFO = NO;
				MTL_FAST_MATH = YES;
				SDKROOT = iphoneos;
				SWIFT_COMPILATION_MODE = wholemodule;
				SWIFT_OPTIMIZATION_LEVEL = "-O";
				VALIDATE_PRODUCT = YES;
			};
			name = Release;
		};
		736B2C47266AD9FE006BC8FA /* Debug */ = {
			isa = XCBuildConfiguration;
			buildSettings = {
				ASSETCATALOG_COMPILER_APPICON_NAME = AppIcon;
				ASSETCATALOG_COMPILER_GLOBAL_ACCENT_COLOR_NAME = AccentColor;
				CODE_SIGN_STYLE = Automatic;
				DEVELOPMENT_ASSET_PATHS = "\"PlaygroundMobile/Preview Content\"";
				ENABLE_PREVIEWS = YES;
				INFOPLIST_FILE = PlaygroundMobile/Info.plist;
				IPHONEOS_DEPLOYMENT_TARGET = 14.0;
				LD_RUNPATH_SEARCH_PATHS = (
					"$(inherited)",
					"@executable_path/Frameworks",
				);
				PRODUCT_BUNDLE_IDENTIFIER = eu.pinske.playground.PlaygroundMobile;
				PRODUCT_NAME = "$(TARGET_NAME)";
				SWIFT_VERSION = 5.0;
				TARGETED_DEVICE_FAMILY = "1,2";
			};
			name = Debug;
		};
		736B2C48266AD9FE006BC8FA /* Release */ = {
			isa = XCBuildConfiguration;
			buildSettings = {
				ASSETCATALOG_COMPILER_APPICON_NAME = AppIcon;
				ASSETCATALOG_COMPILER_GLOBAL_ACCENT_COLOR_NAME = AccentColor;
				CODE_SIGN_STYLE = Automatic;
				DEVELOPMENT_ASSET_PATHS = "\"PlaygroundMobile/Preview Content\"";
				ENABLE_PREVIEWS = YES;
				INFOPLIST_FILE = PlaygroundMobile/Info.plist;
				IPHONEOS_DEPLOYMENT_TARGET = 14.0;
				LD_RUNPATH_SEARCH_PATHS = (
					"$(inherited)",
					"@executable_path/Frameworks",
				);
				PRODUCT_BUNDLE_IDENTIFIER = eu.pinske.playground.PlaygroundMobile;
				PRODUCT_NAME = "$(TARGET_NAME)";
				SWIFT_VERSION = 5.0;
				TARGETED_DEVICE_FAMILY = "1,2";
			};
			name = Release;
		};
/* End XCBuildConfiguration section */

/* Begin XCConfigurationList section */
		736B2C32266AD9FC006BC8FA /* Build configuration list for PBXProject "PlaygroundMobile" */ = {
			isa = XCConfigurationList;
			buildConfigurations = (
				736B2C44266AD9FE006BC8FA /* Debug */,
				736B2C45266AD9FE006BC8FA /* Release */,
			);
			defaultConfigurationIsVisible = 0;
			defaultConfigurationName = Release;
		};
		736B2C46266AD9FE006BC8FA /* Build configuration list for PBXNativeTarget "PlaygroundMobile" */ = {
			isa = XCConfigurationList;
			buildConfigurations = (
				736B2C47266AD9FE006BC8FA /* Debug */,
				736B2C48266AD9FE006BC8FA /* Release */,
			);
			defaultConfigurationIsVisible = 0;
			defaultConfigurationName = Release;
		};
/* End XCConfigurationList section */
	};
	rootObject = 736B2C2F266AD9FC006BC8FA /* Project object */;
}
